
Microsoft Visual Studio Solution File, Format Version 12.00
# Visual Studio Version 16
VisualStudioVersion = 16.0.31112.23
MinimumVisualStudioVersion = 10.0.40219.1
Project("{9A19103F-16F7-4668-BE54-9A1E7A4F7556}") = "Middlewares", "Middlewares\Middlewares.csproj", "{B86A865C-A2D7-486C-BA8A-2D15363A29AE}"
EndProject
Project("{2150E333-8FDC-42A3-9474-1A3956D46DE8}") = "Tests", "Tests", "{76BB4405-B47B-4725-B63E-7380F8EDEE3F}"
EndProject
Project("{2150E333-8FDC-42A3-9474-1A3956D46DE8}") = "Sample", "Sample", "{5C99CE73-D940-4B0B-BBA3-2C420FEC5E5B}"
EndProject
Project("{9A19103F-16F7-4668-BE54-9A1E7A4F7556}") = "Middlewares.Tests", "Tests\Middlewares.Tests\Middlewares.Tests.csproj", "{9A4D4BE4-41CD-43C8-A040-4DC05D484845}"
EndProject
Project("{9A19103F-16F7-4668-BE54-9A1E7A4F7556}") = "Api", "Sample\Api\Api.csproj", "{26895695-C054-4907-8365-21E20177FA0A}"
EndProject
Project("{9A19103F-16F7-4668-BE54-9A1E7A4F7556}") = "Application", "Sample\Application\Application.csproj", "{B74CF1D4-7CE5-49E0-ADD4-18A0B62B2104}"
EndProject
Project("{9A19103F-16F7-4668-BE54-9A1E7A4F7556}") = "Domain", "Sample\Domain\Domain.csproj", "{4B7ABF5B-AF57-4D69-A310-62159936196E}"
EndProject
Project("{9A19103F-16F7-4668-BE54-9A1E7A4F7556}") = "Domain.Subdomain1", "Sample\Domain.Subdomain1\Domain.Subdomain1.csproj", "{41B3767B-990E-45B5-B0AC-366EB8277865}"
EndProject
Project("{2150E333-8FDC-42A3-9474-1A3956D46DE8}") = "Solution Items", "Solution Items", "{22032CDD-BF67-4CF3-AABB-802973FD6221}"
	ProjectSection(SolutionItems) = preProject
		Directory.Build.props = Directory.Build.props
		README.md = README.md
	EndProjectSection
EndProject
Global
	GlobalSection(SolutionConfigurationPlatforms) = preSolution
		Debug|Any CPU = Debug|Any CPU
		Release|Any CPU = Release|Any CPU
	EndGlobalSection
	GlobalSection(ProjectConfigurationPlatforms) = postSolution
		{B86A865C-A2D7-486C-BA8A-2D15363A29AE}.Debug|Any CPU.ActiveCfg = Debug|Any CPU
		{B86A865C-A2D7-486C-BA8A-2D15363A29AE}.Debug|Any CPU.Build.0 = Debug|Any CPU
		{B86A865C-A2D7-486C-BA8A-2D15363A29AE}.Release|Any CPU.ActiveCfg = Release|Any CPU
		{B86A865C-A2D7-486C-BA8A-2D15363A29AE}.Release|Any CPU.Build.0 = Release|Any CPU
		{9A4D4BE4-41CD-43C8-A040-4DC05D484845}.Debug|Any CPU.ActiveCfg = Debug|Any CPU
		{9A4D4BE4-41CD-43C8-A040-4DC05D484845}.Debug|Any CPU.Build.0 = Debug|Any CPU
		{9A4D4BE4-41CD-43C8-A040-4DC05D484845}.Release|Any CPU.ActiveCfg = Release|Any CPU
		{9A4D4BE4-41CD-43C8-A040-4DC05D484845}.Release|Any CPU.Build.0 = Release|Any CPU
		{26895695-C054-4907-8365-21E20177FA0A}.Debug|Any CPU.ActiveCfg = Debug|Any CPU
		{26895695-C054-4907-8365-21E20177FA0A}.Debug|Any CPU.Build.0 = Debug|Any CPU
		{26895695-C054-4907-8365-21E20177FA0A}.Release|Any CPU.ActiveCfg = Release|Any CPU
		{26895695-C054-4907-8365-21E20177FA0A}.Release|Any CPU.Build.0 = Release|Any CPU
		{B74CF1D4-7CE5-49E0-ADD4-18A0B62B2104}.Debug|Any CPU.ActiveCfg = Debug|Any CPU
		{B74CF1D4-7CE5-49E0-ADD4-18A0B62B2104}.Debug|Any CPU.Build.0 = Debug|Any CPU
		{B74CF1D4-7CE5-49E0-ADD4-18A0B62B2104}.Release|Any CPU.ActiveCfg = Release|Any CPU
		{B74CF1D4-7CE5-49E0-ADD4-18A0B62B2104}.Release|Any CPU.Build.0 = Release|Any CPU
		{4B7ABF5B-AF57-4D69-A310-62159936196E}.Debug|Any CPU.ActiveCfg = Debug|Any CPU
		{4B7ABF5B-AF57-4D69-A310-62159936196E}.Debug|Any CPU.Build.0 = Debug|Any CPU
		{4B7ABF5B-AF57-4D69-A310-62159936196E}.Release|Any CPU.ActiveCfg = Release|Any CPU
		{4B7ABF5B-AF57-4D69-A310-62159936196E}.Release|Any CPU.Build.0 = Release|Any CPU
		{41B3767B-990E-45B5-B0AC-366EB8277865}.Debug|Any CPU.ActiveCfg = Debug|Any CPU
		{41B3767B-990E-45B5-B0AC-366EB8277865}.Debug|Any CPU.Build.0 = Debug|Any CPU
		{41B3767B-990E-45B5-B0AC-366EB8277865}.Release|Any CPU.ActiveCfg = Release|Any CPU
		{41B3767B-990E-45B5-B0AC-366EB8277865}.Release|Any CPU.Build.0 = Release|Any CPU
	EndGlobalSection
	GlobalSection(SolutionProperties) = preSolution
		HideSolutionNode = FALSE
	EndGlobalSection
	GlobalSection(NestedProjects) = preSolution
		{9A4D4BE4-41CD-43C8-A040-4DC05D484845} = {76BB4405-B47B-4725-B63E-7380F8EDEE3F}
		{26895695-C054-4907-8365-21E20177FA0A} = {5C99CE73-D940-4B0B-BBA3-2C420FEC5E5B}
		{B74CF1D4-7CE5-49E0-ADD4-18A0B62B2104} = {5C99CE73-D940-4B0B-BBA3-2C420FEC5E5B}
		{4B7ABF5B-AF57-4D69-A310-62159936196E} = {5C99CE73-D940-4B0B-BBA3-2C420FEC5E5B}
		{41B3767B-990E-45B5-B0AC-366EB8277865} = {5C99CE73-D940-4B0B-BBA3-2C420FEC5E5B}
	EndGlobalSection
	GlobalSection(ExtensibilityGlobals) = postSolution
		SolutionGuid = {AE5096C0-0AA3-448C-8647-F4807882B94C}
	EndGlobalSection
EndGlobal
